[root]
name = "chamkho"
version = "0.1.0"
dependencies = [
 "clap 1.5.5 (registry+https://github.com/rust-lang/crates.io-index)",
 "lazy_static 0.2.2 (registry+https://github.com/rust-lang/crates.io-index)",
 "num_cpus 1.2.1 (registry+https://github.com/rust-lang/crates.io-index)",
 "prefixtree 0.0.5 (registry+https://github.com/rust-lang/crates.io-index)",
]

[[package]]
name = "ansi_term"
version = "0.7.5"
source = "registry+https://github.com/rust-lang/crates.io-index"

[[package]]
name = "bitflags"
version = "0.3.3"
source = "registry+https://github.com/rust-lang/crates.io-index"

[[package]]
name = "clap"
version = "1.5.5"
source = "registry+https://github.com/rust-lang/crates.io-index"
dependencies = [
 "ansi_term 0.7.5 (registry+https://github.com/rust-lang/crates.io-index)",
 "bitflags 0.3.3 (registry+https://github.com/rust-lang/crates.io-index)",
 "strsim 0.4.1 (registry+https://github.com/rust-lang/crates.io-index)",
 "vec_map 0.4.0 (registry+https://github.com/rust-lang/crates.io-index)",
 "yaml-rust 0.2.2 (registry+https://github.com/rust-lang/crates.io-index)",
]

[[package]]
name = "lazy_static"
version = "0.2.2"
source = "registry+https://github.com/rust-lang/crates.io-index"

[[package]]
name = "libc"
version = "0.2.20"
source = "registry+https://github.com/rust-lang/crates.io-index"

[[package]]
name = "num_cpus"
version = "1.2.1"
source = "registry+https://github.com/rust-lang/crates.io-index"
dependencies = [
 "libc 0.2.20 (registry+https://github.com/rust-lang/crates.io-index)",
]

[[package]]
name = "prefixtree"
version = "0.0.5"
source = "registry+https://github.com/rust-lang/crates.io-index"

[[package]]
name = "strsim"
version = "0.4.1"
source = "registry+https://github.com/rust-lang/crates.io-index"

[[package]]
name = "vec_map"
version = "0.4.0"
source = "registry+https://github.com/rust-lang/crates.io-index"

[[package]]
name = "yaml-rust"
version = "0.2.2"
source = "registry+https://github.com/rust-lang/crates.io-index"

[metadata]
"checksum ansi_term 0.7.5 (registry+https://github.com/rust-lang/crates.io-index)" = "30275ad0ad84ec1c06dde3b3f7d23c6006b7d76d61a85e7060b426b747eff70d"
"checksum bitflags 0.3.3 (registry+https://github.com/rust-lang/crates.io-index)" = "32866f4d103c4e438b1db1158aa1b1a80ee078e5d77a59a2f906fd62a577389c"
"checksum clap 1.5.5 (registry+https://github.com/rust-lang/crates.io-index)" = "a430ed980b54e5e6f5249d67abd1e9251e95a5491fafb33639e71c9608d23361"
"checksum lazy_static 0.2.2 (registry+https://github.com/rust-lang/crates.io-index)" = "6abe0ee2e758cd6bc8a2cd56726359007748fbf4128da998b65d0b70f881e19b"
"checksum libc 0.2.20 (registry+https://github.com/rust-lang/crates.io-index)" = "684f330624d8c3784fb9558ca46c4ce488073a8d22450415c5eb4f4cfb0d11b5"
"checksum num_cpus 1.2.1 (registry+https://github.com/rust-lang/crates.io-index)" = "a225d1e2717567599c24f88e49f00856c6e825a12125181ee42c4257e3688d39"
"checksum prefixtree 0.0.5 (registry+https://github.com/rust-lang/crates.io-index)" = "eb4ea402b82eb9fbe952a097cc6296a10f19098af8cb7c40778274ac34eaa240"
"checksum strsim 0.4.1 (registry+https://github.com/rust-lang/crates.io-index)" = "0d5f575d5ced6634a5c4cb842163dab907dc7e9148b28dc482d81b8855cbe985"
"checksum vec_map 0.4.0 (registry+https://github.com/rust-lang/crates.io-index)" = "1805118a0d7c72d427e9d9c8134b549ec9e88942c707b100deef357ec0948f02"
"checksum yaml-rust 0.2.2 (registry+https://github.com/rust-lang/crates.io-index)" = "8750f2cf4a8e9c4376e86b6b597627e67a561575af13855bab94127c1208eae4"
